
Microsoft Visual Studio Solution File, Format Version 12.00
# Visual Studio 15
VisualStudioVersion = 15.0.27703.2035
MinimumVisualStudioVersion = 10.0.40219.1
Project("{FAE04EC0-301F-11D3-BF4B-00C04F79EFBC}") = "FreeDiscDownloader.Android", "FreeDiscDownloader\FreeDiscDownloader.Android\FreeDiscDownloader.Android.csproj", "{31F6714D-C91C-4A2E-AE28-061899D38C0A}"
EndProject
Project("{FAE04EC0-301F-11D3-BF4B-00C04F79EFBC}") = "FreeDiscDownloader.iOS", "FreeDiscDownloader\FreeDiscDownloader.iOS\FreeDiscDownloader.iOS.csproj", "{0A22F795-DC4C-4A8F-8935-F3018A40F3F1}"
EndProject
Project("{D954291E-2A0B-460D-934E-DC6B0785DB48}") = "FreeDiscDownloader", "FreeDiscDownloader\FreeDiscDownloader\FreeDiscDownloader.shproj", "{136FAEF4-C489-4584-8C6E-F2D2A6D2FC38}"
EndProject
Global
	GlobalSection(SharedMSBuildProjectFiles) = preSolution
		FreeDiscDownloader\FreeDiscDownloader\FreeDiscDownloader.projitems*{0a22f795-dc4c-4a8f-8935-f3018a40f3f1}*SharedItemsImports = 4
		FreeDiscDownloader\FreeDiscDownloader\FreeDiscDownloader.projitems*{136faef4-c489-4584-8c6e-f2d2a6d2fc38}*SharedItemsImports = 13
		FreeDiscDownloader\FreeDiscDownloader\FreeDiscDownloader.projitems*{31f6714d-c91c-4a2e-ae28-061899d38c0a}*SharedItemsImports = 4
	EndGlobalSection
	GlobalSection(SolutionConfigurationPlatforms) = preSolution
		Ad-Hoc|Any CPU = Ad-Hoc|Any CPU
		Ad-Hoc|iPhone = Ad-Hoc|iPhone
		Ad-Hoc|iPhoneSimulator = Ad-Hoc|iPhoneSimulator
		Ad-Hoc|x86 = Ad-Hoc|x86
		AppStore|Any CPU = AppStore|Any CPU
		AppStore|iPhone = AppStore|iPhone
		AppStore|iPhoneSimulator = AppStore|iPhoneSimulator
		AppStore|x86 = AppStore|x86
		Debug|Any CPU = Debug|Any CPU
		Debug|iPhone = Debug|iPhone
		Debug|iPhoneSimulator = Debug|iPhoneSimulator
		Debug|x86 = Debug|x86
		Release|Any CPU = Release|Any CPU
		Release|iPhone = Release|iPhone
		Release|iPhoneSimulator = Release|iPhoneSimulator
		Release|x86 = Release|x86
	EndGlobalSection
	GlobalSection(ProjectConfigurationPlatforms) = postSolution
		{31F6714D-C91C-4A2E-AE28-061899D38C0A}.Ad-Hoc|Any CPU.ActiveCfg = Release|Any CPU
		{31F6714D-C91C-4A2E-AE28-061899D38C0A}.Ad-Hoc|Any CPU.Build.0 = Release|Any CPU
		{31F6714D-C91C-4A2E-AE28-061899D38C0A}.Ad-Hoc|Any CPU.Deploy.0 = Release|Any CPU
		{31F6714D-C91C-4A2E-AE28-061899D38C0A}.Ad-Hoc|iPhone.ActiveCfg = Release|Any CPU
		{31F6714D-C91C-4A2E-AE28-061899D38C0A}.Ad-Hoc|iPhone.Build.0 = Release|Any CPU
		{31F6714D-C91C-4A2E-AE28-061899D38C0A}.Ad-Hoc|iPhone.Deploy.0 = Release|Any CPU
		{31F6714D-C91C-4A2E-AE28-061899D38C0A}.Ad-Hoc|iPhoneSimulator.ActiveCfg = Release|Any CPU
		{31F6714D-C91C-4A2E-AE28-061899D38C0A}.Ad-Hoc|iPhoneSimulator.Build.0 = Release|Any CPU
		{31F6714D-C91C-4A2E-AE28-061899D38C0A}.Ad-Hoc|iPhoneSimulator.Deploy.0 = Release|Any CPU
		{31F6714D-C91C-4A2E-AE28-061899D38C0A}.Ad-Hoc|x86.ActiveCfg = Release|x86
		{31F6714D-C91C-4A2E-AE28-061899D38C0A}.Ad-Hoc|x86.Build.0 = Release|x86
		{31F6714D-C91C-4A2E-AE28-061899D38C0A}.Ad-Hoc|x86.Deploy.0 = Release|x86
		{31F6714D-C91C-4A2E-AE28-061899D38C0A}.AppStore|Any CPU.ActiveCfg = Release|Any CPU
		{31F6714D-C91C-4A2E-AE28-061899D38C0A}.AppStore|Any CPU.Build.0 = Release|Any CPU
		{31F6714D-C91C-4A2E-AE28-061899D38C0A}.AppStore|Any CPU.Deploy.0 = Release|Any CPU
		{31F6714D-C91C-4A2E-AE28-061899D38C0A}.AppStore|iPhone.ActiveCfg = Release|Any CPU
		{31F6714D-C91C-4A2E-AE28-061899D38C0A}.AppStore|iPhone.Build.0 = Release|Any CPU
		{31F6714D-C91C-4A2E-AE28-061899D38C0A}.AppStore|iPhone.Deploy.0 = Release|Any CPU
		{31F6714D-C91C-4A2E-AE28-061899D38C0A}.AppStore|iPhoneSimulator.ActiveCfg = Release|Any CPU
		{31F6714D-C91C-4A2E-AE28-061899D38C0A}.AppStore|iPhoneSimulator.Build.0 = Release|Any CPU
		{31F6714D-C91C-4A2E-AE28-061899D38C0A}.AppStore|iPhoneSimulator.Deploy.0 = Release|Any CPU
		{31F6714D-C91C-4A2E-AE28-061899D38C0A}.AppStore|x86.ActiveCfg = Release|x86
		{31F6714D-C91C-4A2E-AE28-061899D38C0A}.AppStore|x86.Build.0 = Release|x86
		{31F6714D-C91C-4A2E-AE28-061899D38C0A}.AppStore|x86.Deploy.0 = Release|x86
		{31F6714D-C91C-4A2E-AE28-061899D38C0A}.Debug|Any CPU.ActiveCfg = Debug|Any CPU
		{31F6714D-C91C-4A2E-AE28-061899D38C0A}.Debug|Any CPU.Build.0 = Debug|Any CPU
		{31F6714D-C91C-4A2E-AE28-061899D38C0A}.Debug|Any CPU.Deploy.0 = Debug|Any CPU
		{31F6714D-C91C-4A2E-AE28-061899D38C0A}.Debug|iPhone.ActiveCfg = Debug|Any CPU
		{31F6714D-C91C-4A2E-AE28-061899D38C0A}.Debug|iPhone.Build.0 = Debug|Any CPU
		{31F6714D-C91C-4A2E-AE28-061899D38C0A}.Debug|iPhone.Deploy.0 = Debug|Any CPU
		{31F6714D-C91C-4A2E-AE28-061899D38C0A}.Debug|iPhoneSimulator.ActiveCfg = Debug|Any CPU
		{31F6714D-C91C-4A2E-AE28-061899D38C0A}.Debug|iPhoneSimulator.Build.0 = Debug|Any CPU
		{31F6714D-C91C-4A2E-AE28-061899D38C0A}.Debug|iPhoneSimulator.Deploy.0 = Debug|Any CPU
		{31F6714D-C91C-4A2E-AE28-061899D38C0A}.Debug|x86.ActiveCfg = Debug|Any CPU
		{31F6714D-C91C-4A2E-AE28-061899D38C0A}.Debug|x86.Build.0 = Debug|Any CPU
		{31F6714D-C91C-4A2E-AE28-061899D38C0A}.Debug|x86.Deploy.0 = Debug|Any CPU
		{31F6714D-C91C-4A2E-AE28-061899D38C0A}.Release|Any CPU.ActiveCfg = Release|Any CPU
		{31F6714D-C91C-4A2E-AE28-061899D38C0A}.Release|Any CPU.Build.0 = Release|Any CPU
		{31F6714D-C91C-4A2E-AE28-061899D38C0A}.Release|Any CPU.Deploy.0 = Release|Any CPU
		{31F6714D-C91C-4A2E-AE28-061899D38C0A}.Release|iPhone.ActiveCfg = Release|Any CPU
		{31F6714D-C91C-4A2E-AE28-061899D38C0A}.Release|iPhone.Build.0 = Release|Any CPU
		{31F6714D-C91C-4A2E-AE28-061899D38C0A}.Release|iPhone.Deploy.0 = Release|Any CPU
		{31F6714D-C91C-4A2E-AE28-061899D38C0A}.Release|iPhoneSimulator.ActiveCfg = Release|Any CPU
		{31F6714D-C91C-4A2E-AE28-061899D38C0A}.Release|iPhoneSimulator.Build.0 = Release|Any CPU
		{31F6714D-C91C-4A2E-AE28-061899D38C0A}.Release|iPhoneSimulator.Deploy.0 = Release|Any CPU
		{31F6714D-C91C-4A2E-AE28-061899D38C0A}.Release|x86.ActiveCfg = Release|x86
		{31F6714D-C91C-4A2E-AE28-061899D38C0A}.Release|x86.Build.0 = Release|x86
		{31F6714D-C91C-4A2E-AE28-061899D38C0A}.Release|x86.Deploy.0 = Release|x86
		{0A22F795-DC4C-4A8F-8935-F3018A40F3F1}.Ad-Hoc|Any CPU.ActiveCfg = Ad-Hoc|iPhone
		{0A22F795-DC4C-4A8F-8935-F3018A40F3F1}.Ad-Hoc|Any CPU.Build.0 = Ad-Hoc|iPhone
		{0A22F795-DC4C-4A8F-8935-F3018A40F3F1}.Ad-Hoc|Any CPU.Deploy.0 = Ad-Hoc|iPhone
		{0A22F795-DC4C-4A8F-8935-F3018A40F3F1}.Ad-Hoc|iPhone.ActiveCfg = Ad-Hoc|iPhone
		{0A22F795-DC4C-4A8F-8935-F3018A40F3F1}.Ad-Hoc|iPhone.Build.0 = Ad-Hoc|iPhone
		{0A22F795-DC4C-4A8F-8935-F3018A40F3F1}.Ad-Hoc|iPhone.Deploy.0 = Ad-Hoc|iPhone
		{0A22F795-DC4C-4A8F-8935-F3018A40F3F1}.Ad-Hoc|iPhoneSimulator.ActiveCfg = Ad-Hoc|iPhoneSimulator
		{0A22F795-DC4C-4A8F-8935-F3018A40F3F1}.Ad-Hoc|iPhoneSimulator.Build.0 = Ad-Hoc|iPhoneSimulator
		{0A22F795-DC4C-4A8F-8935-F3018A40F3F1}.Ad-Hoc|iPhoneSimulator.Deploy.0 = Ad-Hoc|iPhoneSimulator
		{0A22F795-DC4C-4A8F-8935-F3018A40F3F1}.Ad-Hoc|x86.ActiveCfg = Ad-Hoc|iPhoneSimulator
		{0A22F795-DC4C-4A8F-8935-F3018A40F3F1}.AppStore|Any CPU.ActiveCfg = AppStore|iPhone
		{0A22F795-DC4C-4A8F-8935-F3018A40F3F1}.AppStore|Any CPU.Build.0 = AppStore|iPhone
		{0A22F795-DC4C-4A8F-8935-F3018A40F3F1}.AppStore|Any CPU.Deploy.0 = AppStore|iPhone
		{0A22F795-DC4C-4A8F-8935-F3018A40F3F1}.AppStore|iPhone.ActiveCfg = AppStore|iPhone
		{0A22F795-DC4C-4A8F-8935-F3018A40F3F1}.AppStore|iPhone.Build.0 = AppStore|iPhone
		{0A22F795-DC4C-4A8F-8935-F3018A40F3F1}.AppStore|iPhone.Deploy.0 = AppStore|iPhone
		{0A22F795-DC4C-4A8F-8935-F3018A40F3F1}.AppStore|iPhoneSimulator.ActiveCfg = AppStore|iPhoneSimulator
		{0A22F795-DC4C-4A8F-8935-F3018A40F3F1}.AppStore|iPhoneSimulator.Build.0 = AppStore|iPhoneSimulator
		{0A22F795-DC4C-4A8F-8935-F3018A40F3F1}.AppStore|iPhoneSimulator.Deploy.0 = AppStore|iPhoneSimulator
		{0A22F795-DC4C-4A8F-8935-F3018A40F3F1}.AppStore|x86.ActiveCfg = AppStore|iPhoneSimulator
		{0A22F795-DC4C-4A8F-8935-F3018A40F3F1}.Debug|Any CPU.ActiveCfg = Debug|iPhoneSimulator
		{0A22F795-DC4C-4A8F-8935-F3018A40F3F1}.Debug|Any CPU.Build.0 = Debug|iPhoneSimulator
		{0A22F795-DC4C-4A8F-8935-F3018A40F3F1}.Debug|Any CPU.Deploy.0 = Debug|iPhoneSimulator
		{0A22F795-DC4C-4A8F-8935-F3018A40F3F1}.Debug|iPhone.ActiveCfg = Debug|iPhoneSimulator
		{0A22F795-DC4C-4A8F-8935-F3018A40F3F1}.Debug|iPhone.Build.0 = Debug|iPhoneSimulator
		{0A22F795-DC4C-4A8F-8935-F3018A40F3F1}.Debug|iPhone.Deploy.0 = Debug|iPhoneSimulator
		{0A22F795-DC4C-4A8F-8935-F3018A40F3F1}.Debug|iPhoneSimulator.ActiveCfg = Debug|iPhoneSimulator
		{0A22F795-DC4C-4A8F-8935-F3018A40F3F1}.Debug|iPhoneSimulator.Build.0 = Debug|iPhoneSimulator
		{0A22F795-DC4C-4A8F-8935-F3018A40F3F1}.Debug|iPhoneSimulator.Deploy.0 = Debug|iPhoneSimulator
		{0A22F795-DC4C-4A8F-8935-F3018A40F3F1}.Debug|x86.ActiveCfg = Debug|iPhoneSimulator
		{0A22F795-DC4C-4A8F-8935-F3018A40F3F1}.Release|Any CPU.ActiveCfg = Release|iPhone
		{0A22F795-DC4C-4A8F-8935-F3018A40F3F1}.Release|Any CPU.Build.0 = Release|iPhone
		{0A22F795-DC4C-4A8F-8935-F3018A40F3F1}.Release|Any CPU.Deploy.0 = Release|iPhone
		{0A22F795-DC4C-4A8F-8935-F3018A40F3F1}.Release|iPhone.ActiveCfg = Release|iPhone
		{0A22F795-DC4C-4A8F-8935-F3018A40F3F1}.Release|iPhone.Build.0 = Release|iPhone
		{0A22F795-DC4C-4A8F-8935-F3018A40F3F1}.Release|iPhone.Deploy.0 = Release|iPhone
		{0A22F795-DC4C-4A8F-8935-F3018A40F3F1}.Release|iPhoneSimulator.ActiveCfg = Release|iPhoneSimulator
		{0A22F795-DC4C-4A8F-8935-F3018A40F3F1}.Release|iPhoneSimulator.Build.0 = Release|iPhoneSimulator
		{0A22F795-DC4C-4A8F-8935-F3018A40F3F1}.Release|iPhoneSimulator.Deploy.0 = Release|iPhoneSimulator
		{0A22F795-DC4C-4A8F-8935-F3018A40F3F1}.Release|x86.ActiveCfg = Release|iPhoneSimulator
	EndGlobalSection
	GlobalSection(SolutionProperties) = preSolution
		HideSolutionNode = FALSE
	EndGlobalSection
	GlobalSection(ExtensibilityGlobals) = postSolution
		SolutionGuid = {3F116DE0-B55E-40EA-B46E-B320859A0565}
	EndGlobalSection
EndGlobal
